
Microsoft Visual Studio Solution File, Format Version 12.00
# Visual Studio 15
VisualStudioVersion = 15.0.28010.2026
MinimumVisualStudioVersion = 10.0.40219.1
Project("{00D1A9C2-B5F0-4AF3-8072-F6C62B433612}") = "DemoDB", "DemoDB\DemoDB.sqlproj", "{14B8A952-57D8-4097-A40C-650718D0BC87}"
EndProject
Project("{FAE04EC0-301F-11D3-BF4B-00C04F79EFBC}") = "WebAppDemoDB", "WebAppDemoDB\WebAppDemoDB.csproj", "{CA48D4E3-6564-4252-A8B8-00A587BE43E2}"
EndProject
Global
	GlobalSection(SolutionConfigurationPlatforms) = preSolution
		Debug|Any CPU = Debug|Any CPU
		Release|Any CPU = Release|Any CPU
	EndGlobalSection
	GlobalSection(ProjectConfigurationPlatforms) = postSolution
		{14B8A952-57D8-4097-A40C-650718D0BC87}.Debug|Any CPU.ActiveCfg = Debug|Any CPU
		{14B8A952-57D8-4097-A40C-650718D0BC87}.Debug|Any CPU.Build.0 = Debug|Any CPU
		{14B8A952-57D8-4097-A40C-650718D0BC87}.Debug|Any CPU.Deploy.0 = Debug|Any CPU
		{14B8A952-57D8-4097-A40C-650718D0BC87}.Release|Any CPU.ActiveCfg = Release|Any CPU
		{14B8A952-57D8-4097-A40C-650718D0BC87}.Release|Any CPU.Build.0 = Release|Any CPU
		{14B8A952-57D8-4097-A40C-650718D0BC87}.Release|Any CPU.Deploy.0 = Release|Any CPU
		{CA48D4E3-6564-4252-A8B8-00A587BE43E2}.Debug|Any CPU.ActiveCfg = Debug|Any CPU
		{CA48D4E3-6564-4252-A8B8-00A587BE43E2}.Debug|Any CPU.Build.0 = Debug|Any CPU
		{CA48D4E3-6564-4252-A8B8-00A587BE43E2}.Release|Any CPU.ActiveCfg = Release|Any CPU
		{CA48D4E3-6564-4252-A8B8-00A587BE43E2}.Release|Any CPU.Build.0 = Release|Any CPU
	EndGlobalSection
	GlobalSection(SolutionProperties) = preSolution
		HideSolutionNode = FALSE
	EndGlobalSection
	GlobalSection(ExtensibilityGlobals) = postSolution
		SolutionGuid = {14BF0167-14D1-4C76-A564-E538F2ABC5F7}
	EndGlobalSection
EndGlobal
